
Microsoft Visual Studio Solution File, Format Version 12.00
# Visual Studio Version 17
VisualStudioVersion = 17.13.35806.99
MinimumVisualStudioVersion = 10.0.40219.1
Project("{2150E333-8FDC-42A3-9474-1A3956D46DE8}") = "Seminars", "Seminars", "{36D591C7-65C7-A0D1-1CBC-10CDE441BDC8}"
EndProject
Project("{2150E333-8FDC-42A3-9474-1A3956D46DE8}") = "HomeTasks", "HomeTasks", "{5E737A88-BAD8-4E8F-80AD-C01D3DDAD667}"
EndProject
Project("{2150E333-8FDC-42A3-9474-1A3956D46DE8}") = "Lesson1", "Lesson1", "{1209D654-7049-4906-AD49-766B3A92A640}"
EndProject
Project("{FAE04EC0-301F-11D3-BF4B-00C04F79EFBC}") = "Lesson1", "Lesson1\Lesson1.csproj", "{892BB7CE-47B3-46EB-AC3B-92CE3630279B}"
EndProject
Project("{2150E333-8FDC-42A3-9474-1A3956D46DE8}") = "Lesson2", "Lesson2", "{8BE7186C-EA00-4535-A594-43B47CA3F951}"
EndProject
Project("{FAE04EC0-301F-11D3-BF4B-00C04F79EFBC}") = "GuessNumber", "GuessNumber\GuessNumber.csproj", "{AC5A27B8-5192-44B1-91FA-8C70B590A457}"
EndProject
Project("{FAE04EC0-301F-11D3-BF4B-00C04F79EFBC}") = "Lesson3", "Lesson3\Lesson3.csproj", "{DE8E9464-DEDF-4DD6-AECE-A7F3C0EA1168}"
EndProject
Project("{2150E333-8FDC-42A3-9474-1A3956D46DE8}") = "Lesson 3", "Lesson 3", "{2974524E-66B4-486A-984A-5438252F068C}"
EndProject
Project("{2150E333-8FDC-42A3-9474-1A3956D46DE8}") = "Lesson4", "Lesson4", "{96823846-B92C-4B8D-AC1B-B2F9718EF65F}"
EndProject
Project("{FAE04EC0-301F-11D3-BF4B-00C04F79EFBC}") = "Lesson4", "Lesson4\Lesson4.csproj", "{C6EC7BD3-F34F-4428-B9F8-432A0CA3FFB7}"
EndProject
Project("{2150E333-8FDC-42A3-9474-1A3956D46DE8}") = "Lesson5", "Lesson5", "{90C293F4-4440-4371-BF68-A91579C97A33}"
EndProject
Project("{FAE04EC0-301F-11D3-BF4B-00C04F79EFBC}") = "Lesson5", "Lesson5\Lesson5.csproj", "{DDE4E1D9-EBDC-4194-B72C-E5BA27EBD1FA}"
EndProject
Project("{2150E333-8FDC-42A3-9474-1A3956D46DE8}") = "lesson6", "lesson6", "{3226FCAC-A792-45B3-AE9A-F892E369207B}"
EndProject
Project("{FAE04EC0-301F-11D3-BF4B-00C04F79EFBC}") = "lesson_6", "lesson_6\lesson_6.csproj", "{A9BDA256-5EBE-4E68-B337-DDB756AED96B}"
EndProject
Project("{FAE04EC0-301F-11D3-BF4B-00C04F79EFBC}") = "lesson7", "lesson7\lesson7.csproj", "{48733071-2F15-4651-AA4D-DFAA44294A4B}"
EndProject
Project("{2150E333-8FDC-42A3-9474-1A3956D46DE8}") = "kr1", "kr1", "{700E2A83-B8FA-4F8E-BC72-64B82F191EC2}"
EndProject
Project("{FAE04EC0-301F-11D3-BF4B-00C04F79EFBC}") = "kr_1", "kr_1\kr_1.csproj", "{269BD175-F56A-4C09-979E-DA257B57D414}"
EndProject
Project("{FAE04EC0-301F-11D3-BF4B-00C04F79EFBC}") = "kr1_h", "kr1_h\kr1_h.csproj", "{EE20C62B-474D-49D8-AB50-DCA164F2FD6B}"
EndProject
Global
	GlobalSection(SolutionConfigurationPlatforms) = preSolution
		Debug|Any CPU = Debug|Any CPU
		Release|Any CPU = Release|Any CPU
	EndGlobalSection
	GlobalSection(ProjectConfigurationPlatforms) = postSolution
		{892BB7CE-47B3-46EB-AC3B-92CE3630279B}.Debug|Any CPU.ActiveCfg = Debug|Any CPU
		{892BB7CE-47B3-46EB-AC3B-92CE3630279B}.Debug|Any CPU.Build.0 = Debug|Any CPU
		{892BB7CE-47B3-46EB-AC3B-92CE3630279B}.Release|Any CPU.ActiveCfg = Release|Any CPU
		{892BB7CE-47B3-46EB-AC3B-92CE3630279B}.Release|Any CPU.Build.0 = Release|Any CPU
		{AC5A27B8-5192-44B1-91FA-8C70B590A457}.Debug|Any CPU.ActiveCfg = Debug|Any CPU
		{AC5A27B8-5192-44B1-91FA-8C70B590A457}.Debug|Any CPU.Build.0 = Debug|Any CPU
		{AC5A27B8-5192-44B1-91FA-8C70B590A457}.Release|Any CPU.ActiveCfg = Release|Any CPU
		{AC5A27B8-5192-44B1-91FA-8C70B590A457}.Release|Any CPU.Build.0 = Release|Any CPU
		{DE8E9464-DEDF-4DD6-AECE-A7F3C0EA1168}.Debug|Any CPU.ActiveCfg = Debug|Any CPU
		{DE8E9464-DEDF-4DD6-AECE-A7F3C0EA1168}.Debug|Any CPU.Build.0 = Debug|Any CPU
		{DE8E9464-DEDF-4DD6-AECE-A7F3C0EA1168}.Release|Any CPU.ActiveCfg = Release|Any CPU
		{DE8E9464-DEDF-4DD6-AECE-A7F3C0EA1168}.Release|Any CPU.Build.0 = Release|Any CPU
		{C6EC7BD3-F34F-4428-B9F8-432A0CA3FFB7}.Debug|Any CPU.ActiveCfg = Debug|Any CPU
		{C6EC7BD3-F34F-4428-B9F8-432A0CA3FFB7}.Debug|Any CPU.Build.0 = Debug|Any CPU
		{C6EC7BD3-F34F-4428-B9F8-432A0CA3FFB7}.Release|Any CPU.ActiveCfg = Release|Any CPU
		{C6EC7BD3-F34F-4428-B9F8-432A0CA3FFB7}.Release|Any CPU.Build.0 = Release|Any CPU
		{DDE4E1D9-EBDC-4194-B72C-E5BA27EBD1FA}.Debug|Any CPU.ActiveCfg = Debug|Any CPU
		{DDE4E1D9-EBDC-4194-B72C-E5BA27EBD1FA}.Debug|Any CPU.Build.0 = Debug|Any CPU
		{DDE4E1D9-EBDC-4194-B72C-E5BA27EBD1FA}.Release|Any CPU.ActiveCfg = Release|Any CPU
		{DDE4E1D9-EBDC-4194-B72C-E5BA27EBD1FA}.Release|Any CPU.Build.0 = Release|Any CPU
		{A9BDA256-5EBE-4E68-B337-DDB756AED96B}.Debug|Any CPU.ActiveCfg = Debug|Any CPU
		{A9BDA256-5EBE-4E68-B337-DDB756AED96B}.Debug|Any CPU.Build.0 = Debug|Any CPU
		{A9BDA256-5EBE-4E68-B337-DDB756AED96B}.Release|Any CPU.ActiveCfg = Release|Any CPU
		{A9BDA256-5EBE-4E68-B337-DDB756AED96B}.Release|Any CPU.Build.0 = Release|Any CPU
		{48733071-2F15-4651-AA4D-DFAA44294A4B}.Debug|Any CPU.ActiveCfg = Debug|Any CPU
		{48733071-2F15-4651-AA4D-DFAA44294A4B}.Debug|Any CPU.Build.0 = Debug|Any CPU
		{48733071-2F15-4651-AA4D-DFAA44294A4B}.Release|Any CPU.ActiveCfg = Release|Any CPU
		{48733071-2F15-4651-AA4D-DFAA44294A4B}.Release|Any CPU.Build.0 = Release|Any CPU
		{269BD175-F56A-4C09-979E-DA257B57D414}.Debug|Any CPU.ActiveCfg = Debug|Any CPU
		{269BD175-F56A-4C09-979E-DA257B57D414}.Debug|Any CPU.Build.0 = Debug|Any CPU
		{269BD175-F56A-4C09-979E-DA257B57D414}.Release|Any CPU.ActiveCfg = Release|Any CPU
		{269BD175-F56A-4C09-979E-DA257B57D414}.Release|Any CPU.Build.0 = Release|Any CPU
		{EE20C62B-474D-49D8-AB50-DCA164F2FD6B}.Debug|Any CPU.ActiveCfg = Debug|Any CPU
		{EE20C62B-474D-49D8-AB50-DCA164F2FD6B}.Debug|Any CPU.Build.0 = Debug|Any CPU
		{EE20C62B-474D-49D8-AB50-DCA164F2FD6B}.Release|Any CPU.ActiveCfg = Release|Any CPU
		{EE20C62B-474D-49D8-AB50-DCA164F2FD6B}.Release|Any CPU.Build.0 = Release|Any CPU
	EndGlobalSection
	GlobalSection(SolutionProperties) = preSolution
		HideSolutionNode = FALSE
	EndGlobalSection
	GlobalSection(NestedProjects) = preSolution
		{1209D654-7049-4906-AD49-766B3A92A640} = {36D591C7-65C7-A0D1-1CBC-10CDE441BDC8}
		{892BB7CE-47B3-46EB-AC3B-92CE3630279B} = {1209D654-7049-4906-AD49-766B3A92A640}
		{8BE7186C-EA00-4535-A594-43B47CA3F951} = {36D591C7-65C7-A0D1-1CBC-10CDE441BDC8}
		{AC5A27B8-5192-44B1-91FA-8C70B590A457} = {8BE7186C-EA00-4535-A594-43B47CA3F951}
		{DE8E9464-DEDF-4DD6-AECE-A7F3C0EA1168} = {2974524E-66B4-486A-984A-5438252F068C}
		{2974524E-66B4-486A-984A-5438252F068C} = {36D591C7-65C7-A0D1-1CBC-10CDE441BDC8}
		{96823846-B92C-4B8D-AC1B-B2F9718EF65F} = {36D591C7-65C7-A0D1-1CBC-10CDE441BDC8}
		{C6EC7BD3-F34F-4428-B9F8-432A0CA3FFB7} = {96823846-B92C-4B8D-AC1B-B2F9718EF65F}
		{90C293F4-4440-4371-BF68-A91579C97A33} = {36D591C7-65C7-A0D1-1CBC-10CDE441BDC8}
		{DDE4E1D9-EBDC-4194-B72C-E5BA27EBD1FA} = {90C293F4-4440-4371-BF68-A91579C97A33}
		{3226FCAC-A792-45B3-AE9A-F892E369207B} = {36D591C7-65C7-A0D1-1CBC-10CDE441BDC8}
		{A9BDA256-5EBE-4E68-B337-DDB756AED96B} = {3226FCAC-A792-45B3-AE9A-F892E369207B}
		{48733071-2F15-4651-AA4D-DFAA44294A4B} = {36D591C7-65C7-A0D1-1CBC-10CDE441BDC8}
		{700E2A83-B8FA-4F8E-BC72-64B82F191EC2} = {36D591C7-65C7-A0D1-1CBC-10CDE441BDC8}
		{269BD175-F56A-4C09-979E-DA257B57D414} = {700E2A83-B8FA-4F8E-BC72-64B82F191EC2}
		{EE20C62B-474D-49D8-AB50-DCA164F2FD6B} = {36D591C7-65C7-A0D1-1CBC-10CDE441BDC8}
	EndGlobalSection
	GlobalSection(ExtensibilityGlobals) = postSolution
		SolutionGuid = {DB45702A-CC05-4F6F-8AFC-48947C5CA05D}
	EndGlobalSection
EndGlobal
