
Microsoft Visual Studio Solution File, Format Version 12.00
# Visual Studio Version 17
VisualStudioVersion = 17.13.35806.99 d17.13
MinimumVisualStudioVersion = 10.0.40219.1
Project("{2150E333-8FDC-42A3-9474-1A3956D46DE8}") = "Seminars", "Seminars", "{36D591C7-65C7-A0D1-1CBC-10CDE441BDC8}"
EndProject
Project("{2150E333-8FDC-42A3-9474-1A3956D46DE8}") = "HomeTasks", "HomeTasks", "{5E737A88-BAD8-4E8F-80AD-C01D3DDAD667}"
EndProject
Project("{2150E333-8FDC-42A3-9474-1A3956D46DE8}") = "Lesson1", "Lesson1", "{1209D654-7049-4906-AD49-766B3A92A640}"
EndProject
Project("{FAE04EC0-301F-11D3-BF4B-00C04F79EFBC}") = "Lesson1", "Lesson1\Lesson1.csproj", "{892BB7CE-47B3-46EB-AC3B-92CE3630279B}"
EndProject
Project("{2150E333-8FDC-42A3-9474-1A3956D46DE8}") = "Lesson2", "Lesson2", "{8BE7186C-EA00-4535-A594-43B47CA3F951}"
EndProject
Project("{FAE04EC0-301F-11D3-BF4B-00C04F79EFBC}") = "GuessNumber", "GuessNumber\GuessNumber.csproj", "{AC5A27B8-5192-44B1-91FA-8C70B590A457}"
EndProject
Global
	GlobalSection(SolutionConfigurationPlatforms) = preSolution
		Debug|Any CPU = Debug|Any CPU
		Release|Any CPU = Release|Any CPU
	EndGlobalSection
	GlobalSection(ProjectConfigurationPlatforms) = postSolution
		{892BB7CE-47B3-46EB-AC3B-92CE3630279B}.Debug|Any CPU.ActiveCfg = Debug|Any CPU
		{892BB7CE-47B3-46EB-AC3B-92CE3630279B}.Debug|Any CPU.Build.0 = Debug|Any CPU
		{892BB7CE-47B3-46EB-AC3B-92CE3630279B}.Release|Any CPU.ActiveCfg = Release|Any CPU
		{892BB7CE-47B3-46EB-AC3B-92CE3630279B}.Release|Any CPU.Build.0 = Release|Any CPU
		{AC5A27B8-5192-44B1-91FA-8C70B590A457}.Debug|Any CPU.ActiveCfg = Debug|Any CPU
		{AC5A27B8-5192-44B1-91FA-8C70B590A457}.Debug|Any CPU.Build.0 = Debug|Any CPU
		{AC5A27B8-5192-44B1-91FA-8C70B590A457}.Release|Any CPU.ActiveCfg = Release|Any CPU
		{AC5A27B8-5192-44B1-91FA-8C70B590A457}.Release|Any CPU.Build.0 = Release|Any CPU
	EndGlobalSection
	GlobalSection(SolutionProperties) = preSolution
		HideSolutionNode = FALSE
	EndGlobalSection
	GlobalSection(NestedProjects) = preSolution
		{1209D654-7049-4906-AD49-766B3A92A640} = {36D591C7-65C7-A0D1-1CBC-10CDE441BDC8}
		{892BB7CE-47B3-46EB-AC3B-92CE3630279B} = {1209D654-7049-4906-AD49-766B3A92A640}
		{8BE7186C-EA00-4535-A594-43B47CA3F951} = {36D591C7-65C7-A0D1-1CBC-10CDE441BDC8}
		{AC5A27B8-5192-44B1-91FA-8C70B590A457} = {8BE7186C-EA00-4535-A594-43B47CA3F951}
	EndGlobalSection
	GlobalSection(ExtensibilityGlobals) = postSolution
		SolutionGuid = {DB45702A-CC05-4F6F-8AFC-48947C5CA05D}
	EndGlobalSection
EndGlobal
